
Microsoft Visual Studio Solution File, Format Version 12.00
# Visual Studio Version 17
VisualStudioVersion = 17.14.36414.22 d17.14
MinimumVisualStudioVersion = 10.0.40219.1
Project("{8BC9CEB8-8B4A-11D0-8D11-00A0C91BC942}") = "GPS_Receiver_App", "GPS_Receiver_App\GPS_Receiver_App.vcxproj", "{A34E1FC3-89B2-4D5C-9E0D-67C857243BF6}"
EndProject
Global
	GlobalSection(SolutionConfigurationPlatforms) = preSolution
		Debug|x64 = Debug|x64
		Release|x64 = Release|x64
	EndGlobalSection
	GlobalSection(ProjectConfigurationPlatforms) = postSolution
		{A34E1FC3-89B2-4D5C-9E0D-67C857243BF6}.Debug|x64.ActiveCfg = Debug|x64
		{A34E1FC3-89B2-4D5C-9E0D-67C857243BF6}.Debug|x64.Build.0 = Debug|x64
		{A34E1FC3-89B2-4D5C-9E0D-67C857243BF6}.Release|x64.ActiveCfg = Release|x64
		{A34E1FC3-89B2-4D5C-9E0D-67C857243BF6}.Release|x64.Build.0 = Release|x64
	EndGlobalSection
	GlobalSection(SolutionProperties) = preSolution
		HideSolutionNode = FALSE
	EndGlobalSection
	GlobalSection(ExtensibilityGlobals) = postSolution
		SolutionGuid = {D569EC00-A085-4E15-859C-E994F632463B}
	EndGlobalSection
EndGlobal
